Microsoft Visual Studio Solution File, Format Version 12.00
# Visual Studio Version 17
VisualStudioVersion = 17.5.2.0
MinimumVisualStudioVersion = 10.0.40219.1
Project("{FAE04EC0-301F-11D3-BF4B-00C04F79EFBC}") = "PCH.NFP.API", "PCH.NFP.API.csproj", "{668B1276-0B30-6B5C-6AED-3324A4447241}"
EndProject
Global
	GlobalSection(SolutionConfigurationPlatforms) = preSolution
		Debug|Any CPU = Debug|Any CPU
		Release|Any CPU = Release|Any CPU
	EndGlobalSection
	GlobalSection(ProjectConfigurationPlatforms) = postSolution
		{668B1276-0B30-6B5C-6AED-3324A4447241}.Debug|Any CPU.ActiveCfg = Debug|Any CPU
		{668B1276-0B30-6B5C-6AED-3324A4447241}.Debug|Any CPU.Build.0 = Debug|Any CPU
		{668B1276-0B30-6B5C-6AED-3324A4447241}.Release|Any CPU.ActiveCfg = Release|Any CPU
		{668B1276-0B30-6B5C-6AED-3324A4447241}.Release|Any CPU.Build.0 = Release|Any CPU
	EndGlobalSection
	GlobalSection(SolutionProperties) = preSolution
		HideSolutionNode = FALSE
	EndGlobalSection
	GlobalSection(ExtensibilityGlobals) = postSolution
		SolutionGuid = {37A2FA19-F7F7-4F9D-AE51-B8108F8B7D88}
	EndGlobalSection
EndGlobal
